
Microsoft Visual Studio Solution File, Format Version 12.00
# Visual Studio Version 17
VisualStudioVersion = 17.3.32929.385
MinimumVisualStudioVersion = 10.0.40219.1
Project("{FAE04EC0-301F-11D3-BF4B-00C04F79EFBC}") = "Linq1", "Linq1\Linq1.csproj", "{95F2A642-AB3B-474A-BDAC-25DCCBABAF65}"
EndProject
Global
	GlobalSection(SolutionConfigurationPlatforms) = preSolution
		Debug|Any CPU = Debug|Any CPU
		Release|Any CPU = Release|Any CPU
	EndGlobalSection
	GlobalSection(ProjectConfigurationPlatforms) = postSolution
		{95F2A642-AB3B-474A-BDAC-25DCCBABAF65}.Debug|Any CPU.ActiveCfg = Debug|Any CPU
		{95F2A642-AB3B-474A-BDAC-25DCCBABAF65}.Debug|Any CPU.Build.0 = Debug|Any CPU
		{95F2A642-AB3B-474A-BDAC-25DCCBABAF65}.Release|Any CPU.ActiveCfg = Release|Any CPU
		{95F2A642-AB3B-474A-BDAC-25DCCBABAF65}.Release|Any CPU.Build.0 = Release|Any CPU
	EndGlobalSection
	GlobalSection(SolutionProperties) = preSolution
		HideSolutionNode = FALSE
	EndGlobalSection
	GlobalSection(ExtensibilityGlobals) = postSolution
		SolutionGuid = {50109493-DD30-4FA6-859D-07C50E006334}
	EndGlobalSection
EndGlobal
