
Microsoft Visual Studio Solution File, Format Version 12.00
# Visual Studio Version 17
VisualStudioVersion = 17.3.32929.385
MinimumVisualStudioVersion = 10.0.40219.1
Project("{FAE04EC0-301F-11D3-BF4B-00C04F79EFBC}") = "Interface2", "Interface2\Interface2.csproj", "{19A69406-7E8D-4AF6-B934-3708BB17C251}"
EndProject
Global
	GlobalSection(SolutionConfigurationPlatforms) = preSolution
		Debug|Any CPU = Debug|Any CPU
		Release|Any CPU = Release|Any CPU
	EndGlobalSection
	GlobalSection(ProjectConfigurationPlatforms) = postSolution
		{19A69406-7E8D-4AF6-B934-3708BB17C251}.Debug|Any CPU.ActiveCfg = Debug|Any CPU
		{19A69406-7E8D-4AF6-B934-3708BB17C251}.Debug|Any CPU.Build.0 = Debug|Any CPU
		{19A69406-7E8D-4AF6-B934-3708BB17C251}.Release|Any CPU.ActiveCfg = Release|Any CPU
		{19A69406-7E8D-4AF6-B934-3708BB17C251}.Release|Any CPU.Build.0 = Release|Any CPU
	EndGlobalSection
	GlobalSection(SolutionProperties) = preSolution
		HideSolutionNode = FALSE
	EndGlobalSection
	GlobalSection(ExtensibilityGlobals) = postSolution
		SolutionGuid = {A81442BD-2DB3-47FD-A28B-932B7678589B}
	EndGlobalSection
EndGlobal
