
Microsoft Visual Studio Solution File, Format Version 12.00
# Visual Studio Version 17
VisualStudioVersion = 17.3.32929.385
MinimumVisualStudioVersion = 10.0.40219.1
Project("{FAE04EC0-301F-11D3-BF4B-00C04F79EFBC}") = "Interfaces1", "Interfaces1\Interfaces1.csproj", "{C706A81A-363A-43F1-8014-7A08E8651BE8}"
EndProject
Global
	GlobalSection(SolutionConfigurationPlatforms) = preSolution
		Debug|Any CPU = Debug|Any CPU
		Release|Any CPU = Release|Any CPU
	EndGlobalSection
	GlobalSection(ProjectConfigurationPlatforms) = postSolution
		{C706A81A-363A-43F1-8014-7A08E8651BE8}.Debug|Any CPU.ActiveCfg = Debug|Any CPU
		{C706A81A-363A-43F1-8014-7A08E8651BE8}.Debug|Any CPU.Build.0 = Debug|Any CPU
		{C706A81A-363A-43F1-8014-7A08E8651BE8}.Release|Any CPU.ActiveCfg = Release|Any CPU
		{C706A81A-363A-43F1-8014-7A08E8651BE8}.Release|Any CPU.Build.0 = Release|Any CPU
	EndGlobalSection
	GlobalSection(SolutionProperties) = preSolution
		HideSolutionNode = FALSE
	EndGlobalSection
	GlobalSection(ExtensibilityGlobals) = postSolution
		SolutionGuid = {4A3FAA0E-172F-4641-A947-BD355BD079DF}
	EndGlobalSection
EndGlobal
